
Microsoft Visual Studio Solution File, Format Version 12.00
# Visual Studio Version 17
VisualStudioVersion = 17.10.35027.167
MinimumVisualStudioVersion = 10.0.40219.1
Project("{FAE04EC0-301F-11D3-BF4B-00C04F79EFBC}") = "MauiAppGuiaCurso", "MauiAppGuiaCurso\MauiAppGuiaCurso.csproj", "{2E9CFFB2-FC1B-4ECB-9A9B-224902032BE1}"
EndProject
Global
	GlobalSection(SolutionConfigurationPlatforms) = preSolution
		Debug|Any CPU = Debug|Any CPU
		Release|Any CPU = Release|Any CPU
	EndGlobalSection
	GlobalSection(ProjectConfigurationPlatforms) = postSolution
		{2E9CFFB2-FC1B-4ECB-9A9B-224902032BE1}.Debug|Any CPU.ActiveCfg = Debug|Any CPU
		{2E9CFFB2-FC1B-4ECB-9A9B-224902032BE1}.Debug|Any CPU.Build.0 = Debug|Any CPU
		{2E9CFFB2-FC1B-4ECB-9A9B-224902032BE1}.Debug|Any CPU.Deploy.0 = Debug|Any CPU
		{2E9CFFB2-FC1B-4ECB-9A9B-224902032BE1}.Release|Any CPU.ActiveCfg = Release|Any CPU
		{2E9CFFB2-FC1B-4ECB-9A9B-224902032BE1}.Release|Any CPU.Build.0 = Release|Any CPU
		{2E9CFFB2-FC1B-4ECB-9A9B-224902032BE1}.Release|Any CPU.Deploy.0 = Release|Any CPU
	EndGlobalSection
	GlobalSection(SolutionProperties) = preSolution
		HideSolutionNode = FALSE
	EndGlobalSection
	GlobalSection(ExtensibilityGlobals) = postSolution
		SolutionGuid = {761106BB-8C67-4B23-BECC-F5018C28D33A}
	EndGlobalSection
EndGlobal
